// !$*UTF8*$!
{
	archiveVersion = 1;
	classes = {
	};
	objectVersion = 50;
	objects = {

/* Begin PBXBuildFile section */
		3DEFE73D25D6522C0057A8A9 /* AppDelegate.swift in Sources */ = {isa = PBXBuildFile; fileRef = 3DEFE73C25D6522C0057A8A9 /* AppDelegate.swift */; };
		3DEFE73F25D6522C0057A8A9 /* SceneDelegate.swift in Sources */ = {isa = PBXBuildFile; fileRef = 3DEFE73E25D6522C0057A8A9 /* SceneDelegate.swift */; };
		3DEFE74125D6522C0057A8A9 /* ViewController.swift in Sources */ = {isa = PBXBuildFile; fileRef = 3DEFE74025D6522C0057A8A9 /* ViewController.swift */; };
		3DEFE74425D6522C0057A8A9 /* Main.storyboard in Resources */ = {isa = PBXBuildFile; fileRef = 3DEFE74225D6522C0057A8A9 /* Main.storyboard */; };
		3DEFE74625D652340057A8A9 /* Assets.xcassets in Resources */ = {isa = PBXBuildFile; fileRef = 3DEFE74525D652340057A8A9 /* Assets.xcassets */; };
		3DEFE74925D652340057A8A9 /* LaunchScreen.storyboard in Resources */ = {isa = PBXBuildFile; fileRef = 3DEFE74725D652340057A8A9 /* LaunchScreen.storyboard */; };
		CE23D97F3E685B9893BE42B1 /* Pods_GitTestDemo.framework in Frameworks */ = {isa = PBXBuildFile; fileRef = FB9726EA51AB90DAE5D27B22 /* Pods_GitTestDemo.framework */; };
/* End PBXBuildFile section */

/* Begin PBXFileReference section */
		3DEFE73925D6522C0057A8A9 /* GitTestDemo.app */ = {isa = PBXFileReference; explicitFileType = wrapper.application; includeInIndex = 0; path = GitTestDemo.app; sourceTree = BUILT_PRODUCTS_DIR; };
		3DEFE73C25D6522C0057A8A9 /* AppDelegate.swift */ = {isa = PBXFileReference; lastKnownFileType = sourcecode.swift; path = AppDelegate.swift; sourceTree = "<group>"; };
		3DEFE73E25D6522C0057A8A9 /* SceneDelegate.swift */ = {isa = PBXFileReference; lastKnownFileType = sourcecode.swift; path = SceneDelegate.swift; sourceTree = "<group>"; };
		3DEFE74025D6522C0057A8A9 /* ViewController.swift */ = {isa = PBXFileReference; lastKnownFileType = sourcecode.swift; path = ViewController.swift; sourceTree = "<group>"; };
		3DEFE74325D6522C0057A8A9 /* Base */ = {isa = PBXFileReference; lastKnownFileType = file.storyboard; name = Base; path = Base.lproj/Main.storyboard; sourceTree = "<group>"; };
		3DEFE74525D652340057A8A9 /* Assets.xcassets */ = {isa = PBXFileReference; lastKnownFileType = folder.assetcatalog; path = Assets.xcassets; sourceTree = "<group>"; };
		3DEFE74825D652340057A8A9 /* Base */ = {isa = PBXFileReference; lastKnownFileType = file.storyboard; name = Base; path = Base.lproj/LaunchScreen.storyboard; sourceTree = "<group>"; };
		3DEFE74A25D652340057A8A9 /* Info.plist */ = {isa = PBXFileReference; lastKnownFileType = text.plist.xml; path = Info.plist; sourceTree = "<group>"; };
		7246A6733B3674A6A8775DD0 /* Pods-GitTestDemo.release.xcconfig */ = {isa = PBXFileReference; includeInIndex = 1; lastKnownFileType = text.xcconfig; name = "Pods-GitTestDemo.release.xcconfig"; path = "Target Support Files/Pods-GitTestDemo/Pods-GitTestDemo.release.xcconfig"; sourceTree = "<group>"; };
		D81DE16E68DEBCB886577C69 /* Pods-GitTestDemo.debug.xcconfig */ = {isa = PBXFileReference; includeInIndex = 1; lastKnownFileType = text.xcconfig; name = "Pods-GitTestDemo.debug.xcconfig"; path = "Target Support Files/Pods-GitTestDemo/Pods-GitTestDemo.debug.xcconfig"; sourceTree = "<group>"; };
		FB9726EA51AB90DAE5D27B22 /* Pods_GitTestDemo.framework */ = {isa = PBXFileReference; explicitFileType = wrapper.framework; includeInIndex = 0; path = Pods_GitTestDemo.framework; sourceTree = BUILT_PRODUCTS_DIR; };
/* End PBXFileReference section */

/* Begin PBXFrameworksBuildPhase section */
		3DEFE73625D6522C0057A8A9 /* Frameworks */ = {
			isa = PBXFrameworksBuildPhase;
			buildActionMask = 2147483647;
			files = (
				CE23D97F3E685B9893BE42B1 /* Pods_GitTestDemo.framework in Frameworks */,
			);
			runOnlyForDeploymentPostprocessing = 0;
		};
/* End PBXFrameworksBuildPhase section */

/* Begin PBXGroup section */
		1DF9974C4F3D3E2CEE4A5951 /* Pods */ = {
			isa = PBXGroup;
			children = (
				D81DE16E68DEBCB886577C69 /* Pods-GitTestDemo.debug.xcconfig */,
				7246A6733B3674A6A8775DD0 /* Pods-GitTestDemo.release.xcconfig */,
			);
			name = Pods;
			path = Pods;
			sourceTree = "<group>";
		};
		3DEFE73025D6522C0057A8A9 = {
			isa = PBXGroup;
			children = (
				3DEFE73B25D6522C0057A8A9 /* GitTestDemo */,
				3DEFE73A25D6522C0057A8A9 /* Products */,
				1DF9974C4F3D3E2CEE4A5951 /* Pods */,
				62A32C3A3D7C07FF18C9C8C2 /* Frameworks */,
			);
			sourceTree = "<group>";
		};
		3DEFE73A25D6522C0057A8A9 /* Products */ = {
			isa = PBXGroup;
			children = (
				3DEFE73925D6522C0057A8A9 /* GitTestDemo.app */,
			);
			name = Products;
			sourceTree = "<group>";
		};
		3DEFE73B25D6522C0057A8A9 /* GitTestDemo */ = {
			isa = PBXGroup;
			children = (
				3DEFE73C25D6522C0057A8A9 /* AppDelegate.swift */,
				3DEFE73E25D6522C0057A8A9 /* SceneDelegate.swift */,
				3DEFE74025D6522C0057A8A9 /* ViewController.swift */,
				3DEFE74225D6522C0057A8A9 /* Main.storyboard */,
				3DEFE74525D652340057A8A9 /* Assets.xcassets */,
				3DEFE74725D652340057A8A9 /* LaunchScreen.storyboard */,
				3DEFE74A25D652340057A8A9 /* Info.plist */,
			);
			path = GitTestDemo;
			sourceTree = "<group>";
		};
		62A32C3A3D7C07FF18C9C8C2 /* Frameworks */ = {
			isa = PBXGroup;
			children = (
				FB9726EA51AB90DAE5D27B22 /* Pods_GitTestDemo.framework */,
			);
			name = Frameworks;
			sourceTree = "<group>";
		};
/* End PBXGroup section */

/* Begin PBXNativeTarget section */
		3DEFE73825D6522C0057A8A9 /* GitTestDemo */ = {
			isa = PBXNativeTarget;
			buildConfigurationList = 3DEFE74D25D652340057A8A9 /* Build configuration list for PBXNativeTarget "GitTestDemo" */;
			buildPhases = (
				2A181C86B56D18EC31D9B2F1 /* [CP] Check Pods Manifest.lock */,
				3DEFE73525D6522C0057A8A9 /* Sources */,
				3DEFE73625D6522C0057A8A9 /* Frameworks */,
				3DEFE73725D6522C0057A8A9 /* Resources */,
				6C15371C8C531EDEEFBA463E /* [CP] Embed Pods Frameworks */,
			);
			buildRules = (
			);
			dependencies = (
			);
			name = GitTestDemo;
			productName = GitTestDemo;
			productReference = 3DEFE73925D6522C0057A8A9 /* GitTestDemo.app */;
			productType = "com.apple.product-type.application";
		};
/* End PBXNativeTarget section */

/* Begin PBXProject section */
		3DEFE73125D6522C0057A8A9 /* Project object */ = {
			isa = PBXProject;
			attributes = {
				LastSwiftUpdateCheck = 1160;
				LastUpgradeCheck = 1160;
				ORGANIZATIONNAME = "Mahesh Kulkarni";
				TargetAttributes = {
					3DEFE73825D6522C0057A8A9 = {
						CreatedOnToolsVersion = 11.6;
					};
				};
			};
			buildConfigurationList = 3DEFE73425D6522C0057A8A9 /* Build configuration list for PBXProject "GitTestDemo" */;
			compatibilityVersion = "Xcode 9.3";
			developmentRegion = en;
			hasScannedForEncodings = 0;
			knownRegions = (
				en,
				Base,
			);
			mainGroup = 3DEFE73025D6522C0057A8A9;
			productRefGroup = 3DEFE73A25D6522C0057A8A9 /* Products */;
			projectDirPath = "";
			projectRoot = "";
			targets = (
				3DEFE73825D6522C0057A8A9 /* GitTestDemo */,
			);
		};
/* End PBXProject section */

/* Begin PBXResourcesBuildPhase section */
		3DEFE73725D6522C0057A8A9 /* Resources */ = {
			isa = PBXResourcesBuildPhase;
			buildActionMask = 2147483647;
			files = (
				3DEFE74925D652340057A8A9 /* LaunchScreen.storyboard in Resources */,
				3DEFE74625D652340057A8A9 /* Assets.xcassets in Resources */,
				3DEFE74425D6522C0057A8A9 /* Main.storyboard in Resources */,
			);
			runOnlyForDeploymentPostprocessing = 0;
		};
/* End PBXResourcesBuildPhase section */

/* Begin PBXShellScriptBuildPhase section */
		2A181C86B56D18EC31D9B2F1 /* [CP] Check Pods Manifest.lock */ = {
			isa = PBXShellScriptBuildPhase;
			buildActionMask = 2147483647;
			files = (
			);
			inputFileListPaths = (
			);
			inputPaths = (
				"${PODS_PODFILE_DIR_PATH}/Podfile.lock",
				"${PODS_ROOT}/Manifest.lock",
			);
			name = "[CP] Check Pods Manifest.lock";
			outputFileListPaths = (
			);
			outputPaths = (
				"$(DERIVED_FILE_DIR)/Pods-GitTestDemo-checkManifestLockResult.txt",
			);
			runOnlyForDeploymentPostprocessing = 0;
			shellPath = /bin/sh;
			shellScript = "diff \"${PODS_PODFILE_DIR_PATH}/Podfile.lock\" \"${PODS_ROOT}/Manifest.lock\" > /dev/null\nif [ $? != 0 ] ; then\n    # print error to STDERR\n    echo \"error: The sandbox is not in sync with the Podfile.lock. Run 'pod install' or update your CocoaPods installation.\" >&2\n    exit 1\nfi\n# This output is used by Xcode 'outputs' to avoid re-running this script phase.\necho \"SUCCESS\" > \"${SCRIPT_OUTPUT_FILE_0}\"\n";
			showEnvVarsInLog = 0;
		};
		6C15371C8C531EDEEFBA463E /* [CP] Embed Pods Frameworks */ = {
			isa = PBXShellScriptBuildPhase;
			buildActionMask = 2147483647;
			files = (
			);
			inputFileListPaths = (
				"${PODS_ROOT}/Target Support Files/Pods-GitTestDemo/Pods-GitTestDemo-frameworks-${CONFIGURATION}-input-files.xcfilelist",
			);
			name = "[CP] Embed Pods Frameworks";
			outputFileListPaths = (
				"${PODS_ROOT}/Target Support Files/Pods-GitTestDemo/Pods-GitTestDemo-frameworks-${CONFIGURATION}-output-files.xcfilelist",
			);
			runOnlyForDeploymentPostprocessing = 0;
			shellPath = /bin/sh;
			shellScript = "\"${PODS_ROOT}/Target Support Files/Pods-GitTestDemo/Pods-GitTestDemo-frameworks.sh\"\n";
			showEnvVarsInLog = 0;
		};
/* End PBXShellScriptBuildPhase section */

/* Begin PBXSourcesBuildPhase section */
		3DEFE73525D6522C0057A8A9 /* Sources */ = {
			isa = PBXSourcesBuildPhase;
			buildActionMask = 2147483647;
			files = (
				3DEFE74125D6522C0057A8A9 /* ViewController.swift in Sources */,
				3DEFE73D25D6522C0057A8A9 /* AppDelegate.swift in Sources */,
				3DEFE73F25D6522C0057A8A9 /* SceneDelegate.swift in Sources */,
			);
			runOnlyForDeploymentPostprocessing = 0;
		};
/* End PBXSourcesBuildPhase section */

/* Begin PBXVariantGroup section */
		3DEFE74225D6522C0057A8A9 /* Main.storyboard */ = {
			isa = PBXVariantGroup;
			children = (
				3DEFE74325D6522C0057A8A9 /* Base */,
			);
			name = Main.storyboard;
			sourceTree = "<group>";
		};
		3DEFE74725D652340057A8A9 /* LaunchScreen.storyboard */ = {
			isa = PBXVariantGroup;
			children = (
				3DEFE74825D652340057A8A9 /* Base */,
			);
			name = LaunchScreen.storyboard;
			sourceTree = "<group>";
		};
/* End PBXVariantGroup section */

/* Begin XCBuildConfiguration section */
		3DEFE74B25D652340057A8A9 /* Debug */ = {
			isa = XCBuildConfiguration;
			buildSettings = {
				ALWAYS_SEARCH_USER_PATHS = NO;
				CLANG_ANALYZER_NONNULL = YES;
				CLANG_ANALYZER_NUMBER_OBJECT_CONVERSION = YES_AGGRESSIVE;
				CLANG_CXX_LANGUAGE_STANDARD = "gnu++14";
				CLANG_CXX_LIBRARY = "libc++";
				CLANG_ENABLE_MODULES = YES;
				CLANG_ENABLE_OBJC_ARC = YES;
				CLANG_ENABLE_OBJC_WEAK = YES;
				CLANG_WARN_BLOCK_CAPTURE_AUTORELEASING = YES;
				CLANG_WARN_BOOL_CONVERSION = YES;
				CLANG_WARN_COMMA = YES;
				CLANG_WARN_CONSTANT_CONVERSION = YES;
				CLANG_WARN_DEPRECATED_OBJC_IMPLEMENTATIONS = YES;
				CLANG_WARN_DIRECT_OBJC_ISA_USAGE = YES_ERROR;
				CLANG_WARN_DOCUMENTATION_COMMENTS = YES;
				CLANG_WARN_EMPTY_BODY = YES;
				CLANG_WARN_ENUM_CONVERSION = YES;
				CLANG_WARN_INFINITE_RECURSION = YES;
				CLANG_WARN_INT_CONVERSION = YES;
				CLANG_WARN_NON_LITERAL_NULL_CONVERSION = YES;
				CLANG_WARN_OBJC_IMPLICIT_RETAIN_SELF = YES;
				CLANG_WARN_OBJC_LITERAL_CONVERSION = YES;
				CLANG_WARN_OBJC_ROOT_CLASS = YES_ERROR;
				CLANG_WARN_RANGE_LOOP_ANALYSIS = YES;
				CLANG_WARN_STRICT_PROTOTYPES = YES;
				CLANG_WARN_SUSPICIOUS_MOVE = YES;
				CLANG_WARN_UNGUARDED_AVAILABILITY = YES_AGGRESSIVE;
				CLANG_WARN_UNREACHABLE_CODE = YES;
				CLANG_WARN__DUPLICATE_METHOD_MATCH = YES;
				COPY_PHASE_STRIP = NO;
				DEBUG_INFORMATION_FORMAT = dwarf;
				ENABLE_STRICT_OBJC_MSGSEND = YES;
				ENABLE_TESTABILITY = YES;
				GCC_C_LANGUAGE_STANDARD = gnu11;
				GCC_DYNAMIC_NO_PIC = NO;
				GCC_NO_COMMON_BLOCKS = YES;
				GCC_OPTIMIZATION_LEVEL = 0;
				GCC_PREPROCESSOR_DEFINITIONS = (
					"DEBUG=1",
					"$(inherited)",
				);
				GCC_WARN_64_TO_32_BIT_CONVERSION = YES;
				GCC_WARN_ABOUT_RETURN_TYPE = YES_ERROR;
				GCC_WARN_UNDECLARED_SELECTOR = YES;
				GCC_WARN_UNINITIALIZED_AUTOS = YES_AGGRESSIVE;
				GCC_WARN_UNUSED_FUNCTION = YES;
				GCC_WARN_UNUSED_VARIABLE = YES;
				IPHONEOS_DEPLOYMENT_TARGET = 13.6;
				MTL_ENABLE_DEBUG_INFO = INCLUDE_SOURCE;
				MTL_FAST_MATH = YES;
				ONLY_ACTIVE_ARCH = YES;
				SDKROOT = iphoneos;
				SWIFT_ACTIVE_COMPILATION_CONDITIONS = DEBUG;
				SWIFT_OPTIMIZATION_LEVEL = "-Onone";
			};
			name = Debug;
		};
		3DEFE74C25D652340057A8A9 /* Release */ = {
			isa = XCBuildConfiguration;
			buildSettings = {
				ALWAYS_SEARCH_USER_PATHS = NO;
				CLANG_ANALYZER_NONNULL = YES;
				CLANG_ANALYZER_NUMBER_OBJECT_CONVERSION = YES_AGGRESSIVE;
				CLANG_CXX_LANGUAGE_STANDARD = "gnu++14";
				CLANG_CXX_LIBRARY = "libc++";
				CLANG_ENABLE_MODULES = YES;
				CLANG_ENABLE_OBJC_ARC = YES;
				CLANG_ENABLE_OBJC_WEAK = YES;
				CLANG_WARN_BLOCK_CAPTURE_AUTORELEASING = YES;
				CLANG_WARN_BOOL_CONVERSION = YES;
				CLANG_WARN_COMMA = YES;
				CLANG_WARN_CONSTANT_CONVERSION = YES;
				CLANG_WARN_DEPRECATED_OBJC_IMPLEMENTATIONS = YES;
				CLANG_WARN_DIRECT_OBJC_ISA_USAGE = YES_ERROR;
				CLANG_WARN_DOCUMENTATION_COMMENTS = YES;
				CLANG_WARN_EMPTY_BODY = YES;
				CLANG_WARN_ENUM_CONVERSION = YES;
				CLANG_WARN_INFINITE_RECURSION = YES;
				CLANG_WARN_INT_CONVERSION = YES;
				CLANG_WARN_NON_LITERAL_NULL_CONVERSION = YES;
				CLANG_WARN_OBJC_IMPLICIT_RETAIN_SELF = YES;
				CLANG_WARN_OBJC_LITERAL_CONVERSION = YES;
				CLANG_WARN_OBJC_ROOT_CLASS = YES_ERROR;
				CLANG_WARN_RANGE_LOOP_ANALYSIS = YES;
				CLANG_WARN_STRICT_PROTOTYPES = YES;
				CLANG_WARN_SUSPICIOUS_MOVE = YES;
				CLANG_WARN_UNGUARDED_AVAILABILITY = YES_AGGRESSIVE;
				CLANG_WARN_UNREACHABLE_CODE = YES;
				CLANG_WARN__DUPLICATE_METHOD_MATCH = YES;
				COPY_PHASE_STRIP = NO;
				DEBUG_INFORMATION_FORMAT = "dwarf-with-dsym";
				ENABLE_NS_ASSERTIONS = NO;
				ENABLE_STRICT_OBJC_MSGSEND = YES;
				GCC_C_LANGUAGE_STANDARD = gnu11;
				GCC_NO_COMMON_BLOCKS = YES;
				GCC_WARN_64_TO_32_BIT_CONVERSION = YES;
				GCC_WARN_ABOUT_RETURN_TYPE = YES_ERROR;
				GCC_WARN_UNDECLARED_SELECTOR = YES;
				GCC_WARN_UNINITIALIZED_AUTOS = YES_AGGRESSIVE;
				GCC_WARN_UNUSED_FUNCTION = YES;
				GCC_WARN_UNUSED_VARIABLE = YES;
				IPHONEOS_DEPLOYMENT_TARGET = 13.6;
				MTL_ENABLE_DEBUG_INFO = NO;
				MTL_FAST_MATH = YES;
				SDKROOT = iphoneos;
				SWIFT_COMPILATION_MODE = wholemodule;
				SWIFT_OPTIMIZATION_LEVEL = "-O";
				VALIDATE_PRODUCT = YES;
			};
			name = Release;
		};
		3DEFE74E25D652340057A8A9 /* Debug */ = {
			isa = XCBuildConfiguration;
			baseConfigurationReference = D81DE16E68DEBCB886577C69 /* Pods-GitTestDemo.debug.xcconfig */;
			buildSettings = {
				ASSETCATALOG_COMPILER_APPICON_NAME = AppIcon;
				CODE_SIGN_STYLE = Automatic;
				INFOPLIST_FILE = GitTestDemo/Info.plist;
				LD_RUNPATH_SEARCH_PATHS = (
					"$(inherited)",
					"@executable_path/Frameworks",
				);
				PRODUCT_BUNDLE_IDENTIFIER = com.biz4.GitTestDemo;
				PRODUCT_NAME = "$(TARGET_NAME)";
				SWIFT_VERSION = 5.0;
				TARGETED_DEVICE_FAMILY = "1,2";
			};
			name = Debug;
		};
		3DEFE74F25D652340057A8A9 /* Release */ = {
			isa = XCBuildConfiguration;
			baseConfigurationReference = 7246A6733B3674A6A8775DD0 /* Pods-GitTestDemo.release.xcconfig */;
			buildSettings = {
				ASSETCATALOG_COMPILER_APPICON_NAME = AppIcon;
				CODE_SIGN_STYLE = Automatic;
				INFOPLIST_FILE = GitTestDemo/Info.plist;
				LD_RUNPATH_SEARCH_PATHS = (
					"$(inherited)",
					"@executable_path/Frameworks",
				);
				PRODUCT_BUNDLE_IDENTIFIER = com.biz4.GitTestDemo;
				PRODUCT_NAME = "$(TARGET_NAME)";
				SWIFT_VERSION = 5.0;
				TARGETED_DEVICE_FAMILY = "1,2";
			};
			name = Release;
		};
/* End XCBuildConfiguration section */

/* Begin XCConfigurationList section */
		3DEFE73425D6522C0057A8A9 /* Build configuration list for PBXProject "GitTestDemo" */ = {
			isa = XCConfigurationList;
			buildConfigurations = (
				3DEFE74B25D652340057A8A9 /* Debug */,
				3DEFE74C25D652340057A8A9 /* Release */,
			);
			defaultConfigurationIsVisible = 0;
			defaultConfigurationName = Release;
		};
		3DEFE74D25D652340057A8A9 /* Build configuration list for PBXNativeTarget "GitTestDemo" */ = {
			isa = XCConfigurationList;
			buildConfigurations = (
				3DEFE74E25D652340057A8A9 /* Debug */,
				3DEFE74F25D652340057A8A9 /* Release */,
			);
			defaultConfigurationIsVisible = 0;
			defaultConfigurationName = Release;
		};
/* End XCConfigurationList section */
	};
	rootObject = 3DEFE73125D6522C0057A8A9 /* Project object */;
}
